
Microsoft Visual Studio Solution File, Format Version 12.00
# Visual Studio Version 16
VisualStudioVersion = 16.0.30114.105
MinimumVisualStudioVersion = 10.0.40219.1
Project("{FAE04EC0-301F-11D3-BF4B-00C04F79EFBC}") = "crypto", "crypto\crypto.csproj", "{0F447B60-7319-4486-B364-57CCE2039295}"
EndProject
Project("{FAE04EC0-301F-11D3-BF4B-00C04F79EFBC}") = "private-roots", "private-roots\private-roots.csproj", "{D8A6745E-41FA-4862-8AA0-CA85913F5F22}"
EndProject
Global
	GlobalSection(SolutionConfigurationPlatforms) = preSolution
		Debug|Any CPU = Debug|Any CPU
		Release|Any CPU = Release|Any CPU
	EndGlobalSection
	GlobalSection(SolutionProperties) = preSolution
		HideSolutionNode = FALSE
	EndGlobalSection
	GlobalSection(ProjectConfigurationPlatforms) = postSolution
		{0F447B60-7319-4486-B364-57CCE2039295}.Debug|Any CPU.ActiveCfg = Debug|Any CPU
		{0F447B60-7319-4486-B364-57CCE2039295}.Debug|Any CPU.Build.0 = Debug|Any CPU
		{0F447B60-7319-4486-B364-57CCE2039295}.Release|Any CPU.ActiveCfg = Release|Any CPU
		{0F447B60-7319-4486-B364-57CCE2039295}.Release|Any CPU.Build.0 = Release|Any CPU
		{D8A6745E-41FA-4862-8AA0-CA85913F5F22}.Debug|Any CPU.ActiveCfg = Debug|Any CPU
		{D8A6745E-41FA-4862-8AA0-CA85913F5F22}.Debug|Any CPU.Build.0 = Debug|Any CPU
		{D8A6745E-41FA-4862-8AA0-CA85913F5F22}.Release|Any CPU.ActiveCfg = Release|Any CPU
		{D8A6745E-41FA-4862-8AA0-CA85913F5F22}.Release|Any CPU.Build.0 = Release|Any CPU
	EndGlobalSection
EndGlobal
